// !$*UTF8*$!
{
	archiveVersion = 1;
	classes = {
	};
	objectVersion = 55;
	objects = {

/* Begin PBXBuildFile section */
		C7CF9CD427994BC200DADADC /* APIViewController.swift in Sources */ = {isa = PBXBuildFile; fileRef = C7CF9CD327994BC200DADADC /* APIViewController.swift */; };
		C7E61909278EC67A0064C8C9 /* AppDelegate.swift in Sources */ = {isa = PBXBuildFile; fileRef = C7E61908278EC67A0064C8C9 /* AppDelegate.swift */; };
		C7E6190D278EC67A0064C8C9 /* ViewController.swift in Sources */ = {isa = PBXBuildFile; fileRef = C7E6190C278EC67A0064C8C9 /* ViewController.swift */; };
		C7E61910278EC67A0064C8C9 /* Main.storyboard in Resources */ = {isa = PBXBuildFile; fileRef = C7E6190E278EC67A0064C8C9 /* Main.storyboard */; };
		C7E61912278EC67B0064C8C9 /* Assets.xcassets in Resources */ = {isa = PBXBuildFile; fileRef = C7E61911278EC67B0064C8C9 /* Assets.xcassets */; };
		C7E61915278EC67C0064C8C9 /* LaunchScreen.storyboard in Resources */ = {isa = PBXBuildFile; fileRef = C7E61913278EC67B0064C8C9 /* LaunchScreen.storyboard */; };
		C7E6191D278EC74C0064C8C9 /* FaceMeshingSwiftViewController.swift in Sources */ = {isa = PBXBuildFile; fileRef = C7E6191C278EC74C0064C8C9 /* FaceMeshingSwiftViewController.swift */; };
		C7E61921278EC75F0064C8C9 /* FaceMeshingOCViewController.m in Sources */ = {isa = PBXBuildFile; fileRef = C7E61920278EC75F0064C8C9 /* FaceMeshingOCViewController.m */; };
		C7F30101279014BB00317B01 /* MediaPipe.framework in Frameworks */ = {isa = PBXBuildFile; fileRef = C7F30100279014BB00317B01 /* MediaPipe.framework */; platformFilter = ios; };
		C7F30102279014BB00317B01 /* MediaPipe.framework in Embed Frameworks */ = {isa = PBXBuildFile; fileRef = C7F30100279014BB00317B01 /* MediaPipe.framework */; settings = {ATTRIBUTES = (CodeSignOnCopy, RemoveHeadersOnCopy, ); }; };
/* End PBXBuildFile section */

/* Begin PBXCopyFilesBuildPhase section */
		C7E61926278EC78D0064C8C9 /* Embed Frameworks */ = {
			isa = PBXCopyFilesBuildPhase;
			buildActionMask = 2147483647;
			dstPath = "";
			dstSubfolderSpec = 10;
			files = (
				C7F30102279014BB00317B01 /* MediaPipe.framework in Embed Frameworks */,
			);
			name = "Embed Frameworks";
			runOnlyForDeploymentPostprocessing = 0;
		};
/* End PBXCopyFilesBuildPhase section */

/* Begin PBXFileReference section */
		C7CF9CD327994BC200DADADC /* APIViewController.swift */ = {isa = PBXFileReference; lastKnownFileType = sourcecode.swift; path = APIViewController.swift; sourceTree = "<group>"; };
		C7E61905278EC67A0064C8C9 /* FaceMeshTest.app */ = {isa = PBXFileReference; explicitFileType = wrapper.application; includeInIndex = 0; path = FaceMeshTest.app; sourceTree = BUILT_PRODUCTS_DIR; };
		C7E61908278EC67A0064C8C9 /* AppDelegate.swift */ = {isa = PBXFileReference; lastKnownFileType = sourcecode.swift; path = AppDelegate.swift; sourceTree = "<group>"; };
		C7E6190C278EC67A0064C8C9 /* ViewController.swift */ = {isa = PBXFileReference; lastKnownFileType = sourcecode.swift; path = ViewController.swift; sourceTree = "<group>"; };
		C7E6190F278EC67A0064C8C9 /* Base */ = {isa = PBXFileReference; lastKnownFileType = file.storyboard; name = Base; path = Base.lproj/Main.storyboard; sourceTree = "<group>"; };
		C7E61911278EC67B0064C8C9 /* Assets.xcassets */ = {isa = PBXFileReference; lastKnownFileType = folder.assetcatalog; path = Assets.xcassets; sourceTree = "<group>"; };
		C7E61914278EC67B0064C8C9 /* Base */ = {isa = PBXFileReference; lastKnownFileType = file.storyboard; name = Base; path = Base.lproj/LaunchScreen.storyboard; sourceTree = "<group>"; };
		C7E61916278EC67C0064C8C9 /* Info.plist */ = {isa = PBXFileReference; lastKnownFileType = text.plist.xml; path = Info.plist; sourceTree = "<group>"; };
		C7E6191C278EC74C0064C8C9 /* FaceMeshingSwiftViewController.swift */ = {isa = PBXFileReference; lastKnownFileType = sourcecode.swift; path = FaceMeshingSwiftViewController.swift; sourceTree = "<group>"; };
		C7E6191E278EC75E0064C8C9 /* FaceMeshTest-Bridging-Header.h */ = {isa = PBXFileReference; lastKnownFileType = sourcecode.c.h; path = "FaceMeshTest-Bridging-Header.h"; sourceTree = "<group>"; };
		C7E6191F278EC75F0064C8C9 /* FaceMeshingOCViewController.h */ = {isa = PBXFileReference; lastKnownFileType = sourcecode.c.h; path = FaceMeshingOCViewController.h; sourceTree = "<group>"; };
		C7E61920278EC75F0064C8C9 /* FaceMeshingOCViewController.m */ = {isa = PBXFileReference; lastKnownFileType = sourcecode.c.objc; path = FaceMeshingOCViewController.m; sourceTree = "<group>"; };
		C7F30100279014BB00317B01 /* MediaPipe.framework */ = {isa = PBXFileReference; lastKnownFileType = wrapper.framework; name = MediaPipe.framework; path = FaceMeshTest/MediaPipe.framework; sourceTree = "<group>"; };
/* End PBXFileReference section */

/* Begin PBXFrameworksBuildPhase section */
		C7E61902278EC67A0064C8C9 /* Frameworks */ = {
			isa = PBXFrameworksBuildPhase;
			buildActionMask = 2147483647;
			files = (
				C7F30101279014BB00317B01 /* MediaPipe.framework in Frameworks */,
			);
			runOnlyForDeploymentPostprocessing = 0;
		};
/* End PBXFrameworksBuildPhase section */

/* Begin PBXGroup section */
		C7E618FC278EC67A0064C8C9 = {
			isa = PBXGroup;
			children = (
				C7E61907278EC67A0064C8C9 /* FaceMeshTest */,
				C7E61906278EC67A0064C8C9 /* Products */,
				C7E61922278EC78C0064C8C9 /* Frameworks */,
			);
			sourceTree = "<group>";
		};
		C7E61906278EC67A0064C8C9 /* Products */ = {
			isa = PBXGroup;
			children = (
				C7E61905278EC67A0064C8C9 /* FaceMeshTest.app */,
			);
			name = Products;
			sourceTree = "<group>";
		};
		C7E61907278EC67A0064C8C9 /* FaceMeshTest */ = {
			isa = PBXGroup;
			children = (
				C7E61908278EC67A0064C8C9 /* AppDelegate.swift */,
				C7E6190C278EC67A0064C8C9 /* ViewController.swift */,
				C7E6191C278EC74C0064C8C9 /* FaceMeshingSwiftViewController.swift */,
				C7E6191F278EC75F0064C8C9 /* FaceMeshingOCViewController.h */,
				C7E61920278EC75F0064C8C9 /* FaceMeshingOCViewController.m */,
				C7CF9CD327994BC200DADADC /* APIViewController.swift */,
				C7E6190E278EC67A0064C8C9 /* Main.storyboard */,
				C7E61911278EC67B0064C8C9 /* Assets.xcassets */,
				C7E61913278EC67B0064C8C9 /* LaunchScreen.storyboard */,
				C7E61916278EC67C0064C8C9 /* Info.plist */,
				C7E6191E278EC75E0064C8C9 /* FaceMeshTest-Bridging-Header.h */,
			);
			path = FaceMeshTest;
			sourceTree = "<group>";
		};
		C7E61922278EC78C0064C8C9 /* Frameworks */ = {
			isa = PBXGroup;
			children = (
				C7F30100279014BB00317B01 /* MediaPipe.framework */,
			);
			name = Frameworks;
			sourceTree = "<group>";
		};
/* End PBXGroup section */

/* Begin PBXNativeTarget section */
		C7E61904278EC67A0064C8C9 /* FaceMeshTest */ = {
			isa = PBXNativeTarget;
			buildConfigurationList = C7E61919278EC67C0064C8C9 /* Build configuration list for PBXNativeTarget "FaceMeshTest" */;
			buildPhases = (
				C7E61901278EC67A0064C8C9 /* Sources */,
				C7E61902278EC67A0064C8C9 /* Frameworks */,
				C7E61903278EC67A0064C8C9 /* Resources */,
				C7E61926278EC78D0064C8C9 /* Embed Frameworks */,
			);
			buildRules = (
			);
			dependencies = (
			);
			name = FaceMeshTest;
			productName = FaceMeshTest;
			productReference = C7E61905278EC67A0064C8C9 /* FaceMeshTest.app */;
			productType = "com.apple.product-type.application";
		};
/* End PBXNativeTarget section */

/* Begin PBXProject section */
		C7E618FD278EC67A0064C8C9 /* Project object */ = {
			isa = PBXProject;
			attributes = {
				BuildIndependentTargetsInParallel = 1;
				LastSwiftUpdateCheck = 1320;
				LastUpgradeCheck = 1320;
				TargetAttributes = {
					C7E61904278EC67A0064C8C9 = {
						CreatedOnToolsVersion = 13.2.1;
						LastSwiftMigration = 1320;
					};
				};
			};
			buildConfigurationList = C7E61900278EC67A0064C8C9 /* Build configuration list for PBXProject "FaceMeshTest" */;
			compatibilityVersion = "Xcode 13.0";
			developmentRegion = en;
			hasScannedForEncodings = 0;
			knownRegions = (
				en,
				Base,
			);
			mainGroup = C7E618FC278EC67A0064C8C9;
			productRefGroup = C7E61906278EC67A0064C8C9 /* Products */;
			projectDirPath = "";
			projectRoot = "";
			targets = (
				C7E61904278EC67A0064C8C9 /* FaceMeshTest */,
			);
		};
/* End PBXProject section */

/* Begin PBXResourcesBuildPhase section */
		C7E61903278EC67A0064C8C9 /* Resources */ = {
			isa = PBXResourcesBuildPhase;
			buildActionMask = 2147483647;
			files = (
				C7E61915278EC67C0064C8C9 /* LaunchScreen.storyboard in Resources */,
				C7E61912278EC67B0064C8C9 /* Assets.xcassets in Resources */,
				C7E61910278EC67A0064C8C9 /* Main.storyboard in Resources */,
			);
			runOnlyForDeploymentPostprocessing = 0;
		};
/* End PBXResourcesBuildPhase section */

/* Begin PBXSourcesBuildPhase section */
		C7E61901278EC67A0064C8C9 /* Sources */ = {
			isa = PBXSourcesBuildPhase;
			buildActionMask = 2147483647;
			files = (
				C7E6190D278EC67A0064C8C9 /* ViewController.swift in Sources */,
				C7E61909278EC67A0064C8C9 /* AppDelegate.swift in Sources */,
				C7CF9CD427994BC200DADADC /* APIViewController.swift in Sources */,
				C7E6191D278EC74C0064C8C9 /* FaceMeshingSwiftViewController.swift in Sources */,
				C7E61921278EC75F0064C8C9 /* FaceMeshingOCViewController.m in Sources */,
			);
			runOnlyForDeploymentPostprocessing = 0;
		};
/* End PBXSourcesBuildPhase section */

/* Begin PBXVariantGroup section */
		C7E6190E278EC67A0064C8C9 /* Main.storyboard */ = {
			isa = PBXVariantGroup;
			children = (
				C7E6190F278EC67A0064C8C9 /* Base */,
			);
			name = Main.storyboard;
			sourceTree = "<group>";
		};
		C7E61913278EC67B0064C8C9 /* LaunchScreen.storyboard */ = {
			isa = PBXVariantGroup;
			children = (
				C7E61914278EC67B0064C8C9 /* Base */,
			);
			name = LaunchScreen.storyboard;
			sourceTree = "<group>";
		};
/* End PBXVariantGroup section */

/* Begin XCBuildConfiguration section */
		C7E61917278EC67C0064C8C9 /* Debug */ = {
			isa = XCBuildConfiguration;
			buildSettings = {
				ALWAYS_SEARCH_USER_PATHS = NO;
				CLANG_ANALYZER_NONNULL = YES;
				CLANG_ANALYZER_NUMBER_OBJECT_CONVERSION = YES_AGGRESSIVE;
				CLANG_CXX_LANGUAGE_STANDARD = "gnu++17";
				CLANG_CXX_LIBRARY = "libc++";
				CLANG_ENABLE_MODULES = YES;
				CLANG_ENABLE_OBJC_ARC = YES;
				CLANG_ENABLE_OBJC_WEAK = YES;
				CLANG_WARN_BLOCK_CAPTURE_AUTORELEASING = YES;
				CLANG_WARN_BOOL_CONVERSION = YES;
				CLANG_WARN_COMMA = YES;
				CLANG_WARN_CONSTANT_CONVERSION = YES;
				CLANG_WARN_DEPRECATED_OBJC_IMPLEMENTATIONS = YES;
				CLANG_WARN_DIRECT_OBJC_ISA_USAGE = YES_ERROR;
				CLANG_WARN_DOCUMENTATION_COMMENTS = YES;
				CLANG_WARN_EMPTY_BODY = YES;
				CLANG_WARN_ENUM_CONVERSION = YES;
				CLANG_WARN_INFINITE_RECURSION = YES;
				CLANG_WARN_INT_CONVERSION = YES;
				CLANG_WARN_NON_LITERAL_NULL_CONVERSION = YES;
				CLANG_WARN_OBJC_IMPLICIT_RETAIN_SELF = YES;
				CLANG_WARN_OBJC_LITERAL_CONVERSION = YES;
				CLANG_WARN_OBJC_ROOT_CLASS = YES_ERROR;
				CLANG_WARN_QUOTED_INCLUDE_IN_FRAMEWORK_HEADER = YES;
				CLANG_WARN_RANGE_LOOP_ANALYSIS = YES;
				CLANG_WARN_STRICT_PROTOTYPES = YES;
				CLANG_WARN_SUSPICIOUS_MOVE = YES;
				CLANG_WARN_UNGUARDED_AVAILABILITY = YES_AGGRESSIVE;
				CLANG_WARN_UNREACHABLE_CODE = YES;
				CLANG_WARN__DUPLICATE_METHOD_MATCH = YES;
				COPY_PHASE_STRIP = NO;
				DEBUG_INFORMATION_FORMAT = dwarf;
				ENABLE_STRICT_OBJC_MSGSEND = YES;
				ENABLE_TESTABILITY = YES;
				GCC_C_LANGUAGE_STANDARD = gnu11;
				GCC_DYNAMIC_NO_PIC = NO;
				GCC_NO_COMMON_BLOCKS = YES;
				GCC_OPTIMIZATION_LEVEL = 0;
				GCC_PREPROCESSOR_DEFINITIONS = (
					"DEBUG=1",
					"$(inherited)",
				);
				GCC_WARN_64_TO_32_BIT_CONVERSION = YES;
				GCC_WARN_ABOUT_RETURN_TYPE = YES_ERROR;
				GCC_WARN_UNDECLARED_SELECTOR = YES;
				GCC_WARN_UNINITIALIZED_AUTOS = YES_AGGRESSIVE;
				GCC_WARN_UNUSED_FUNCTION = YES;
				GCC_WARN_UNUSED_VARIABLE = YES;
				IPHONEOS_DEPLOYMENT_TARGET = 12.0;
				MTL_ENABLE_DEBUG_INFO = INCLUDE_SOURCE;
				MTL_FAST_MATH = YES;
				ONLY_ACTIVE_ARCH = YES;
				SDKROOT = iphoneos;
				SWIFT_ACTIVE_COMPILATION_CONDITIONS = DEBUG;
				SWIFT_OPTIMIZATION_LEVEL = "-Onone";
			};
			name = Debug;
		};
		C7E61918278EC67C0064C8C9 /* Release */ = {
			isa = XCBuildConfiguration;
			buildSettings = {
				ALWAYS_SEARCH_USER_PATHS = NO;
				CLANG_ANALYZER_NONNULL = YES;
				CLANG_ANALYZER_NUMBER_OBJECT_CONVERSION = YES_AGGRESSIVE;
				CLANG_CXX_LANGUAGE_STANDARD = "gnu++17";
				CLANG_CXX_LIBRARY = "libc++";
				CLANG_ENABLE_MODULES = YES;
				CLANG_ENABLE_OBJC_ARC = YES;
				CLANG_ENABLE_OBJC_WEAK = YES;
				CLANG_WARN_BLOCK_CAPTURE_AUTORELEASING = YES;
				CLANG_WARN_BOOL_CONVERSION = YES;
				CLANG_WARN_COMMA = YES;
				CLANG_WARN_CONSTANT_CONVERSION = YES;
				CLANG_WARN_DEPRECATED_OBJC_IMPLEMENTATIONS = YES;
				CLANG_WARN_DIRECT_OBJC_ISA_USAGE = YES_ERROR;
				CLANG_WARN_DOCUMENTATION_COMMENTS = YES;
				CLANG_WARN_EMPTY_BODY = YES;
				CLANG_WARN_ENUM_CONVERSION = YES;
				CLANG_WARN_INFINITE_RECURSION = YES;
				CLANG_WARN_INT_CONVERSION = YES;
				CLANG_WARN_NON_LITERAL_NULL_CONVERSION = YES;
				CLANG_WARN_OBJC_IMPLICIT_RETAIN_SELF = YES;
				CLANG_WARN_OBJC_LITERAL_CONVERSION = YES;
				CLANG_WARN_OBJC_ROOT_CLASS = YES_ERROR;
				CLANG_WARN_QUOTED_INCLUDE_IN_FRAMEWORK_HEADER = YES;
				CLANG_WARN_RANGE_LOOP_ANALYSIS = YES;
				CLANG_WARN_STRICT_PROTOTYPES = YES;
				CLANG_WARN_SUSPICIOUS_MOVE = YES;
				CLANG_WARN_UNGUARDED_AVAILABILITY = YES_AGGRESSIVE;
				CLANG_WARN_UNREACHABLE_CODE = YES;
				CLANG_WARN__DUPLICATE_METHOD_MATCH = YES;
				COPY_PHASE_STRIP = NO;
				DEBUG_INFORMATION_FORMAT = "dwarf-with-dsym";
				ENABLE_NS_ASSERTIONS = NO;
				ENABLE_STRICT_OBJC_MSGSEND = YES;
				GCC_C_LANGUAGE_STANDARD = gnu11;
				GCC_NO_COMMON_BLOCKS = YES;
				GCC_WARN_64_TO_32_BIT_CONVERSION = YES;
				GCC_WARN_ABOUT_RETURN_TYPE = YES_ERROR;
				GCC_WARN_UNDECLARED_SELECTOR = YES;
				GCC_WARN_UNINITIALIZED_AUTOS = YES_AGGRESSIVE;
				GCC_WARN_UNUSED_FUNCTION = YES;
				GCC_WARN_UNUSED_VARIABLE = YES;
				IPHONEOS_DEPLOYMENT_TARGET = 12.0;
				MTL_ENABLE_DEBUG_INFO = NO;
				MTL_FAST_MATH = YES;
				SDKROOT = iphoneos;
				SWIFT_COMPILATION_MODE = wholemodule;
				SWIFT_OPTIMIZATION_LEVEL = "-O";
				VALIDATE_PRODUCT = YES;
			};
			name = Release;
		};
		C7E6191A278EC67C0064C8C9 /* Debug */ = {
			isa = XCBuildConfiguration;
			buildSettings = {
				ASSETCATALOG_COMPILER_APPICON_NAME = AppIcon;
				ASSETCATALOG_COMPILER_GLOBAL_ACCENT_COLOR_NAME = AccentColor;
				CLANG_ENABLE_MODULES = YES;
				CODE_SIGN_STYLE = Automatic;
				CURRENT_PROJECT_VERSION = 1;
				DEVELOPMENT_TEAM = X58B6KYAPE;
				ENABLE_BITCODE = NO;
				FRAMEWORK_SEARCH_PATHS = (
					"$(inherited)",
					"$(PROJECT_DIR)",
					"$(PROJECT_DIR)/FaceMeshTest",
				);
				GENERATE_INFOPLIST_FILE = YES;
				INFOPLIST_FILE = FaceMeshTest/Info.plist;
				INFOPLIST_KEY_UIApplicationSupportsIndirectInputEvents = YES;
				INFOPLIST_KEY_UILaunchStoryboardName = LaunchScreen;
				INFOPLIST_KEY_UIMainStoryboardFile = Main;
				INFOPLIST_KEY_UISupportedInterfaceOrientations_iPad = "UIInterfaceOrientationPortrait UIInterfaceOrientationPortraitUpsideDown UIInterfaceOrientationLandscapeLeft UIInterfaceOrientationLandscapeRight";
				INFOPLIST_KEY_UISupportedInterfaceOrientations_iPhone = "UIInterfaceOrientationPortrait UIInterfaceOrientationLandscapeLeft UIInterfaceOrientationLandscapeRight";
				LD_RUNPATH_SEARCH_PATHS = (
					"$(inherited)",
					"@executable_path/Frameworks",
				);
				MARKETING_VERSION = 1.0;
				PRODUCT_BUNDLE_IDENTIFIER = test.dev.FaceMeshTest;
				PRODUCT_NAME = "$(TARGET_NAME)";
				SWIFT_EMIT_LOC_STRINGS = YES;
				SWIFT_OBJC_BRIDGING_HEADER = "FaceMeshTest/FaceMeshTest-Bridging-Header.h";
				SWIFT_OPTIMIZATION_LEVEL = "-Onone";
				SWIFT_VERSION = 5.0;
				TARGETED_DEVICE_FAMILY = "1,2";
			};
			name = Debug;
		};
		C7E6191B278EC67C0064C8C9 /* Release */ = {
			isa = XCBuildConfiguration;
			buildSettings = {
				ASSETCATALOG_COMPILER_APPICON_NAME = AppIcon;
				ASSETCATALOG_COMPILER_GLOBAL_ACCENT_COLOR_NAME = AccentColor;
				CLANG_ENABLE_MODULES = YES;
				CODE_SIGN_STYLE = Automatic;
				CURRENT_PROJECT_VERSION = 1;
				DEVELOPMENT_TEAM = X58B6KYAPE;
				ENABLE_BITCODE = NO;
				FRAMEWORK_SEARCH_PATHS = (
					"$(inherited)",
					"$(PROJECT_DIR)",
					"$(PROJECT_DIR)/FaceMeshTest",
				);
				GENERATE_INFOPLIST_FILE = YES;
				INFOPLIST_FILE = FaceMeshTest/Info.plist;
				INFOPLIST_KEY_UIApplicationSupportsIndirectInputEvents = YES;
				INFOPLIST_KEY_UILaunchStoryboardName = LaunchScreen;
				INFOPLIST_KEY_UIMainStoryboardFile = Main;
				INFOPLIST_KEY_UISupportedInterfaceOrientations_iPad = "UIInterfaceOrientationPortrait UIInterfaceOrientationPortraitUpsideDown UIInterfaceOrientationLandscapeLeft UIInterfaceOrientationLandscapeRight";
				INFOPLIST_KEY_UISupportedInterfaceOrientations_iPhone = "UIInterfaceOrientationPortrait UIInterfaceOrientationLandscapeLeft UIInterfaceOrientationLandscapeRight";
				LD_RUNPATH_SEARCH_PATHS = (
					"$(inherited)",
					"@executable_path/Frameworks",
				);
				MARKETING_VERSION = 1.0;
				PRODUCT_BUNDLE_IDENTIFIER = test.dev.FaceMeshTest;
				PRODUCT_NAME = "$(TARGET_NAME)";
				SWIFT_EMIT_LOC_STRINGS = YES;
				SWIFT_OBJC_BRIDGING_HEADER = "FaceMeshTest/FaceMeshTest-Bridging-Header.h";
				SWIFT_VERSION = 5.0;
				TARGETED_DEVICE_FAMILY = "1,2";
			};
			name = Release;
		};
/* End XCBuildConfiguration section */

/* Begin XCConfigurationList section */
		C7E61900278EC67A0064C8C9 /* Build configuration list for PBXProject "FaceMeshTest" */ = {
			isa = XCConfigurationList;
			buildConfigurations = (
				C7E61917278EC67C0064C8C9 /* Debug */,
				C7E61918278EC67C0064C8C9 /* Release */,
			);
			defaultConfigurationIsVisible = 0;
			defaultConfigurationName = Release;
		};
		C7E61919278EC67C0064C8C9 /* Build configuration list for PBXNativeTarget "FaceMeshTest" */ = {
			isa = XCConfigurationList;
			buildConfigurations = (
				C7E6191A278EC67C0064C8C9 /* Debug */,
				C7E6191B278EC67C0064C8C9 /* Release */,
			);
			defaultConfigurationIsVisible = 0;
			defaultConfigurationName = Release;
		};
/* End XCConfigurationList section */
	};
	rootObject = C7E618FD278EC67A0064C8C9 /* Project object */;
}
